// !$*UTF8*$!
{
	archiveVersion = 1;
	classes = {
	};
	objectVersion = 77;
	objects = {

/* Begin PBXContainerItemProxy section */
		C80C4DAD2DD2F40800469E1A /* PBXContainerItemProxy */ = {
			isa = PBXContainerItemProxy;
			containerPortal = C80C4D972DD2F40600469E1A /* Project object */;
			proxyType = 1;
			remoteGlobalIDString = C80C4D9E2DD2F40600469E1A;
			remoteInfo = Dogstagram;
		};
		C80C4DB72DD2F40800469E1A /* PBXContainerItemProxy */ = {
			isa = PBXContainerItemProxy;
			containerPortal = C80C4D972DD2F40600469E1A /* Project object */;
			proxyType = 1;
			remoteGlobalIDString = C80C4D9E2DD2F40600469E1A;
			remoteInfo = Dogstagram;
		};
/* End PBXContainerItemProxy section */

/* Begin PBXFileReference section */
		C80C4D9F2DD2F40600469E1A /* Dogstagram.app */ = {isa = PBXFileReference; explicitFileType = wrapper.application; includeInIndex = 0; path = Dogstagram.app; sourceTree = BUILT_PRODUCTS_DIR; };
		C80C4DAC2DD2F40800469E1A /* DogstagramTests.xctest */ = {isa = PBXFileReference; explicitFileType = wrapper.cfbundle; includeInIndex = 0; path = DogstagramTests.xctest; sourceTree = BUILT_PRODUCTS_DIR; };
		C80C4DB62DD2F40800469E1A /* DogstagramUITests.xctest */ = {isa = PBXFileReference; explicitFileType = wrapper.cfbundle; includeInIndex = 0; path = DogstagramUITests.xctest; sourceTree = BUILT_PRODUCTS_DIR; };
/* End PBXFileReference section */

/* Begin PBXFileSystemSynchronizedRootGroup section */
		C80C4DA12DD2F40600469E1A /* Dogstagram */ = {
			isa = PBXFileSystemSynchronizedRootGroup;
			path = Dogstagram;
			sourceTree = "<group>";
		};
		C80C4DAF2DD2F40800469E1A /* DogstagramTests */ = {
			isa = PBXFileSystemSynchronizedRootGroup;
			path = DogstagramTests;
			sourceTree = "<group>";
		};
		C80C4DB92DD2F40800469E1A /* DogstagramUITests */ = {
			isa = PBXFileSystemSynchronizedRootGroup;
			path = DogstagramUITests;
			sourceTree = "<group>";
		};
/* End PBXFileSystemSynchronizedRootGroup section */

/* Begin PBXFrameworksBuildPhase section */
		C80C4D9C2DD2F40600469E1A /* Frameworks */ = {
			isa = PBXFrameworksBuildPhase;
			buildActionMask = 2147483647;
			files = (
			);
			runOnlyForDeploymentPostprocessing = 0;
		};
		C80C4DA92DD2F40800469E1A /* Frameworks */ = {
			isa = PBXFrameworksBuildPhase;
			buildActionMask = 2147483647;
			files = (
			);
			runOnlyForDeploymentPostprocessing = 0;
		};
		C80C4DB32DD2F40800469E1A /* Frameworks */ = {
			isa = PBXFrameworksBuildPhase;
			buildActionMask = 2147483647;
			files = (
			);
			runOnlyForDeploymentPostprocessing = 0;
		};
/* End PBXFrameworksBuildPhase section */

/* Begin PBXGroup section */
		C80C4D962DD2F40600469E1A = {
			isa = PBXGroup;
			children = (
				C80C4DA12DD2F40600469E1A /* Dogstagram */,
				C80C4DAF2DD2F40800469E1A /* DogstagramTests */,
				C80C4DB92DD2F40800469E1A /* DogstagramUITests */,
				C80C4DA02DD2F40600469E1A /* Products */,
			);
			sourceTree = "<group>";
		};
		C80C4DA02DD2F40600469E1A /* Products */ = {
			isa = PBXGroup;
			children = (
				C80C4D9F2DD2F40600469E1A /* Dogstagram.app */,
				C80C4DAC2DD2F40800469E1A /* DogstagramTests.xctest */,
				C80C4DB62DD2F40800469E1A /* DogstagramUITests.xctest */,
			);
			name = Products;
			sourceTree = "<group>";
		};
/* End PBXGroup section */

/* Begin PBXNativeTarget section */
		C80C4D9E2DD2F40600469E1A /* Dogstagram */ = {
			isa = PBXNativeTarget;
			buildConfigurationList = C80C4DC02DD2F40800469E1A /* Build configuration list for PBXNativeTarget "Dogstagram" */;
			buildPhases = (
				C80C4D9B2DD2F40600469E1A /* Sources */,
				C80C4D9C2DD2F40600469E1A /* Frameworks */,
				C80C4D9D2DD2F40600469E1A /* Resources */,
			);
			buildRules = (
			);
			dependencies = (
			);
			fileSystemSynchronizedGroups = (
				C80C4DA12DD2F40600469E1A /* Dogstagram */,
			);
			name = Dogstagram;
			packageProductDependencies = (
			);
			productName = Dogstagram;
			productReference = C80C4D9F2DD2F40600469E1A /* Dogstagram.app */;
			productType = "com.apple.product-type.application";
		};
		C80C4DAB2DD2F40800469E1A /* DogstagramTests */ = {
			isa = PBXNativeTarget;
			buildConfigurationList = C80C4DC32DD2F40800469E1A /* Build configuration list for PBXNativeTarget "DogstagramTests" */;
			buildPhases = (
				C80C4DA82DD2F40800469E1A /* Sources */,
				C80C4DA92DD2F40800469E1A /* Frameworks */,
				C80C4DAA2DD2F40800469E1A /* Resources */,
			);
			buildRules = (
			);
			dependencies = (
				C80C4DAE2DD2F40800469E1A /* PBXTargetDependency */,
			);
			fileSystemSynchronizedGroups = (
				C80C4DAF2DD2F40800469E1A /* DogstagramTests */,
			);
			name = DogstagramTests;
			packageProductDependencies = (
			);
			productName = DogstagramTests;
			productReference = C80C4DAC2DD2F40800469E1A /* DogstagramTests.xctest */;
			productType = "com.apple.product-type.bundle.unit-test";
		};
		C80C4DB52DD2F40800469E1A /* DogstagramUITests */ = {
			isa = PBXNativeTarget;
			buildConfigurationList = C80C4DC62DD2F40800469E1A /* Build configuration list for PBXNativeTarget "DogstagramUITests" */;
			buildPhases = (
				C80C4DB22DD2F40800469E1A /* Sources */,
				C80C4DB32DD2F40800469E1A /* Frameworks */,
				C80C4DB42DD2F40800469E1A /* Resources */,
			);
			buildRules = (
			);
			dependencies = (
				C80C4DB82DD2F40800469E1A /* PBXTargetDependency */,
			);
			fileSystemSynchronizedGroups = (
				C80C4DB92DD2F40800469E1A /* DogstagramUITests */,
			);
			name = DogstagramUITests;
			packageProductDependencies = (
			);
			productName = DogstagramUITests;
			productReference = C80C4DB62DD2F40800469E1A /* DogstagramUITests.xctest */;
			productType = "com.apple.product-type.bundle.ui-testing";
		};
/* End PBXNativeTarget section */

/* Begin PBXProject section */
		C80C4D972DD2F40600469E1A /* Project object */ = {
			isa = PBXProject;
			attributes = {
				BuildIndependentTargetsInParallel = 1;
				LastSwiftUpdateCheck = 1630;
				LastUpgradeCheck = 1630;
				TargetAttributes = {
					C80C4D9E2DD2F40600469E1A = {
						CreatedOnToolsVersion = 16.3;
					};
					C80C4DAB2DD2F40800469E1A = {
						CreatedOnToolsVersion = 16.3;
						TestTargetID = C80C4D9E2DD2F40600469E1A;
					};
					C80C4DB52DD2F40800469E1A = {
						CreatedOnToolsVersion = 16.3;
						TestTargetID = C80C4D9E2DD2F40600469E1A;
					};
				};
			};
			buildConfigurationList = C80C4D9A2DD2F40600469E1A /* Build configuration list for PBXProject "Dogstagram" */;
			developmentRegion = en;
			hasScannedForEncodings = 0;
			knownRegions = (
				en,
				Base,
			);
			mainGroup = C80C4D962DD2F40600469E1A;
			minimizedProjectReferenceProxies = 1;
			preferredProjectObjectVersion = 77;
			productRefGroup = C80C4DA02DD2F40600469E1A /* Products */;
			projectDirPath = "";
			projectRoot = "";
			targets = (
				C80C4D9E2DD2F40600469E1A /* Dogstagram */,
				C80C4DAB2DD2F40800469E1A /* DogstagramTests */,
				C80C4DB52DD2F40800469E1A /* DogstagramUITests */,
			);
		};
/* End PBXProject section */

/* Begin PBXResourcesBuildPhase section */
		C80C4D9D2DD2F40600469E1A /* Resources */ = {
			isa = PBXResourcesBuildPhase;
			buildActionMask = 2147483647;
			files = (
			);
			runOnlyForDeploymentPostprocessing = 0;
		};
		C80C4DAA2DD2F40800469E1A /* Resources */ = {
			isa = PBXResourcesBuildPhase;
			buildActionMask = 2147483647;
			files = (
			);
			runOnlyForDeploymentPostprocessing = 0;
		};
		C80C4DB42DD2F40800469E1A /* Resources */ = {
			isa = PBXResourcesBuildPhase;
			buildActionMask = 2147483647;
			files = (
			);
			runOnlyForDeploymentPostprocessing = 0;
		};
/* End PBXResourcesBuildPhase section */

/* Begin PBXSourcesBuildPhase section */
		C80C4D9B2DD2F40600469E1A /* Sources */ = {
			isa = PBXSourcesBuildPhase;
			buildActionMask = 2147483647;
			files = (
			);
			runOnlyForDeploymentPostprocessing = 0;
		};
		C80C4DA82DD2F40800469E1A /* Sources */ = {
			isa = PBXSourcesBuildPhase;
			buildActionMask = 2147483647;
			files = (
			);
			runOnlyForDeploymentPostprocessing = 0;
		};
		C80C4DB22DD2F40800469E1A /* Sources */ = {
			isa = PBXSourcesBuildPhase;
			buildActionMask = 2147483647;
			files = (
			);
			runOnlyForDeploymentPostprocessing = 0;
		};
/* End PBXSourcesBuildPhase section */

/* Begin PBXTargetDependency section */
		C80C4DAE2DD2F40800469E1A /* PBXTargetDependency */ = {
			isa = PBXTargetDependency;
			target = C80C4D9E2DD2F40600469E1A /* Dogstagram */;
			targetProxy = C80C4DAD2DD2F40800469E1A /* PBXContainerItemProxy */;
		};
		C80C4DB82DD2F40800469E1A /* PBXTargetDependency */ = {
			isa = PBXTargetDependency;
			target = C80C4D9E2DD2F40600469E1A /* Dogstagram */;
			targetProxy = C80C4DB72DD2F40800469E1A /* PBXContainerItemProxy */;
		};
/* End PBXTargetDependency section */

/* Begin XCBuildConfiguration section */
		C80C4DBE2DD2F40800469E1A /* Debug */ = {
			isa = XCBuildConfiguration;
			buildSettings = {
				ALWAYS_SEARCH_USER_PATHS = NO;
				ASSETCATALOG_COMPILER_GENERATE_SWIFT_ASSET_SYMBOL_EXTENSIONS = YES;
				CLANG_ANALYZER_NONNULL = YES;
				CLANG_ANALYZER_NUMBER_OBJECT_CONVERSION = YES_AGGRESSIVE;
				CLANG_CXX_LANGUAGE_STANDARD = "gnu++20";
				CLANG_ENABLE_MODULES = YES;
				CLANG_ENABLE_OBJC_ARC = YES;
				CLANG_ENABLE_OBJC_WEAK = YES;
				CLANG_WARN_BLOCK_CAPTURE_AUTORELEASING = YES;
				CLANG_WARN_BOOL_CONVERSION = YES;
				CLANG_WARN_COMMA = YES;
				CLANG_WARN_CONSTANT_CONVERSION = YES;
				CLANG_WARN_DEPRECATED_OBJC_IMPLEMENTATIONS = YES;
				CLANG_WARN_DIRECT_OBJC_ISA_USAGE = YES_ERROR;
				CLANG_WARN_DOCUMENTATION_COMMENTS = YES;
				CLANG_WARN_EMPTY_BODY = YES;
				CLANG_WARN_ENUM_CONVERSION = YES;
				CLANG_WARN_INFINITE_RECURSION = YES;
				CLANG_WARN_INT_CONVERSION = YES;
				CLANG_WARN_NON_LITERAL_NULL_CONVERSION = YES;
				CLANG_WARN_OBJC_IMPLICIT_RETAIN_SELF = YES;
				CLANG_WARN_OBJC_LITERAL_CONVERSION = YES;
				CLANG_WARN_OBJC_ROOT_CLASS = YES_ERROR;
				CLANG_WARN_QUOTED_INCLUDE_IN_FRAMEWORK_HEADER = YES;
				CLANG_WARN_RANGE_LOOP_ANALYSIS = YES;
				CLANG_WARN_STRICT_PROTOTYPES = YES;
				CLANG_WARN_SUSPICIOUS_MOVE = YES;
				CLANG_WARN_UNGUARDED_AVAILABILITY = YES_AGGRESSIVE;
				CLANG_WARN_UNREACHABLE_CODE = YES;
				CLANG_WARN__DUPLICATE_METHOD_MATCH = YES;
				COPY_PHASE_STRIP = NO;
				DEBUG_INFORMATION_FORMAT = dwarf;
				DEVELOPMENT_TEAM = M848TUBDQ7;
				ENABLE_STRICT_OBJC_MSGSEND = YES;
				ENABLE_TESTABILITY = YES;
				ENABLE_USER_SCRIPT_SANDBOXING = YES;
				GCC_C_LANGUAGE_STANDARD = gnu17;
				GCC_DYNAMIC_NO_PIC = NO;
				GCC_NO_COMMON_BLOCKS = YES;
				GCC_OPTIMIZATION_LEVEL = 0;
				GCC_PREPROCESSOR_DEFINITIONS = (
					"DEBUG=1",
					"$(inherited)",
				);
				GCC_WARN_64_TO_32_BIT_CONVERSION = YES;
				GCC_WARN_ABOUT_RETURN_TYPE = YES_ERROR;
				GCC_WARN_UNDECLARED_SELECTOR = YES;
				GCC_WARN_UNINITIALIZED_AUTOS = YES_AGGRESSIVE;
				GCC_WARN_UNUSED_FUNCTION = YES;
				GCC_WARN_UNUSED_VARIABLE = YES;
				IPHONEOS_DEPLOYMENT_TARGET = 18.4;
				LOCALIZATION_PREFERS_STRING_CATALOGS = YES;
				MTL_ENABLE_DEBUG_INFO = INCLUDE_SOURCE;
				MTL_FAST_MATH = YES;
				ONLY_ACTIVE_ARCH = YES;
				SDKROOT = iphoneos;
				SWIFT_ACTIVE_COMPILATION_CONDITIONS = "DEBUG $(inherited)";
				SWIFT_OPTIMIZATION_LEVEL = "-Onone";
			};
			name = Debug;
		};
		C80C4DBF2DD2F40800469E1A /* Release */ = {
			isa = XCBuildConfiguration;
			buildSettings = {
				ALWAYS_SEARCH_USER_PATHS = NO;
				ASSETCATALOG_COMPILER_GENERATE_SWIFT_ASSET_SYMBOL_EXTENSIONS = YES;
				CLANG_ANALYZER_NONNULL = YES;
				CLANG_ANALYZER_NUMBER_OBJECT_CONVERSION = YES_AGGRESSIVE;
				CLANG_CXX_LANGUAGE_STANDARD = "gnu++20";
				CLANG_ENABLE_MODULES = YES;
				CLANG_ENABLE_OBJC_ARC = YES;
				CLANG_ENABLE_OBJC_WEAK = YES;
				CLANG_WARN_BLOCK_CAPTURE_AUTORELEASING = YES;
				CLANG_WARN_BOOL_CONVERSION = YES;
				CLANG_WARN_COMMA = YES;
				CLANG_WARN_CONSTANT_CONVERSION = YES;
				CLANG_WARN_DEPRECATED_OBJC_IMPLEMENTATIONS = YES;
				CLANG_WARN_DIRECT_OBJC_ISA_USAGE = YES_ERROR;
				CLANG_WARN_DOCUMENTATION_COMMENTS = YES;
				CLANG_WARN_EMPTY_BODY = YES;
				CLANG_WARN_ENUM_CONVERSION = YES;
				CLANG_WARN_INFINITE_RECURSION = YES;
				CLANG_WARN_INT_CONVERSION = YES;
				CLANG_WARN_NON_LITERAL_NULL_CONVERSION = YES;
				CLANG_WARN_OBJC_IMPLICIT_RETAIN_SELF = YES;
				CLANG_WARN_OBJC_LITERAL_CONVERSION = YES;
				CLANG_WARN_OBJC_ROOT_CLASS = YES_ERROR;
				CLANG_WARN_QUOTED_INCLUDE_IN_FRAMEWORK_HEADER = YES;
				CLANG_WARN_RANGE_LOOP_ANALYSIS = YES;
				CLANG_WARN_STRICT_PROTOTYPES = YES;
				CLANG_WARN_SUSPICIOUS_MOVE = YES;
				CLANG_WARN_UNGUARDED_AVAILABILITY = YES_AGGRESSIVE;
				CLANG_WARN_UNREACHABLE_CODE = YES;
				CLANG_WARN__DUPLICATE_METHOD_MATCH = YES;
				COPY_PHASE_STRIP = NO;
				DEBUG_INFORMATION_FORMAT = "dwarf-with-dsym";
				DEVELOPMENT_TEAM = M848TUBDQ7;
				ENABLE_NS_ASSERTIONS = NO;
				ENABLE_STRICT_OBJC_MSGSEND = YES;
				ENABLE_USER_SCRIPT_SANDBOXING = YES;
				GCC_C_LANGUAGE_STANDARD = gnu17;
				GCC_NO_COMMON_BLOCKS = YES;
				GCC_WARN_64_TO_32_BIT_CONVERSION = YES;
				GCC_WARN_ABOUT_RETURN_TYPE = YES_ERROR;
				GCC_WARN_UNDECLARED_SELECTOR = YES;
				GCC_WARN_UNINITIALIZED_AUTOS = YES_AGGRESSIVE;
				GCC_WARN_UNUSED_FUNCTION = YES;
				GCC_WARN_UNUSED_VARIABLE = YES;
				IPHONEOS_DEPLOYMENT_TARGET = 18.4;
				LOCALIZATION_PREFERS_STRING_CATALOGS = YES;
				MTL_ENABLE_DEBUG_INFO = NO;
				MTL_FAST_MATH = YES;
				SDKROOT = iphoneos;
				SWIFT_COMPILATION_MODE = wholemodule;
				VALIDATE_PRODUCT = YES;
			};
			name = Release;
		};
		C80C4DC12DD2F40800469E1A /* Debug */ = {
			isa = XCBuildConfiguration;
			buildSettings = {
				ASSETCATALOG_COMPILER_APPICON_NAME = AppIcon;
				ASSETCATALOG_COMPILER_GLOBAL_ACCENT_COLOR_NAME = AccentColor;
				CODE_SIGN_STYLE = Automatic;
				CURRENT_PROJECT_VERSION = 1;
				DEVELOPMENT_TEAM = M848TUBDQ7;
				ENABLE_PREVIEWS = YES;
				GENERATE_INFOPLIST_FILE = YES;
				INFOPLIST_KEY_UIApplicationSceneManifest_Generation = YES;
				INFOPLIST_KEY_UIApplicationSupportsIndirectInputEvents = YES;
				INFOPLIST_KEY_UILaunchScreen_Generation = YES;
				INFOPLIST_KEY_UISupportedInterfaceOrientations_iPad = "UIInterfaceOrientationPortrait UIInterfaceOrientationPortraitUpsideDown UIInterfaceOrientationLandscapeLeft UIInterfaceOrientationLandscapeRight";
				INFOPLIST_KEY_UISupportedInterfaceOrientations_iPhone = "UIInterfaceOrientationPortrait UIInterfaceOrientationLandscapeLeft UIInterfaceOrientationLandscapeRight";
				LD_RUNPATH_SEARCH_PATHS = (
					"$(inherited)",
					"@executable_path/Frameworks",
				);
				MARKETING_VERSION = 1.0;
				PRODUCT_BUNDLE_IDENTIFIER = info.vikrant.Dogstagram;
				PRODUCT_NAME = "$(TARGET_NAME)";
				SWIFT_EMIT_LOC_STRINGS = YES;
				SWIFT_VERSION = 5.0;
				TARGETED_DEVICE_FAMILY = "1,2";
			};
			name = Debug;
		};
		C80C4DC22DD2F40800469E1A /* Release */ = {
			isa = XCBuildConfiguration;
			buildSettings = {
				ASSETCATALOG_COMPILER_APPICON_NAME = AppIcon;
				ASSETCATALOG_COMPILER_GLOBAL_ACCENT_COLOR_NAME = AccentColor;
				CODE_SIGN_STYLE = Automatic;
				CURRENT_PROJECT_VERSION = 1;
				DEVELOPMENT_TEAM = M848TUBDQ7;
				ENABLE_PREVIEWS = YES;
				GENERATE_INFOPLIST_FILE = YES;
				INFOPLIST_KEY_UIApplicationSceneManifest_Generation = YES;
				INFOPLIST_KEY_UIApplicationSupportsIndirectInputEvents = YES;
				INFOPLIST_KEY_UILaunchScreen_Generation = YES;
				INFOPLIST_KEY_UISupportedInterfaceOrientations_iPad = "UIInterfaceOrientationPortrait UIInterfaceOrientationPortraitUpsideDown UIInterfaceOrientationLandscapeLeft UIInterfaceOrientationLandscapeRight";
				INFOPLIST_KEY_UISupportedInterfaceOrientations_iPhone = "UIInterfaceOrientationPortrait UIInterfaceOrientationLandscapeLeft UIInterfaceOrientationLandscapeRight";
				LD_RUNPATH_SEARCH_PATHS = (
					"$(inherited)",
					"@executable_path/Frameworks",
				);
				MARKETING_VERSION = 1.0;
				PRODUCT_BUNDLE_IDENTIFIER = info.vikrant.Dogstagram;
				PRODUCT_NAME = "$(TARGET_NAME)";
				SWIFT_EMIT_LOC_STRINGS = YES;
				SWIFT_VERSION = 5.0;
				TARGETED_DEVICE_FAMILY = "1,2";
			};
			name = Release;
		};
		C80C4DC42DD2F40800469E1A /* Debug */ = {
			isa = XCBuildConfiguration;
			buildSettings = {
				BUNDLE_LOADER = "$(TEST_HOST)";
				CODE_SIGN_STYLE = Automatic;
				CURRENT_PROJECT_VERSION = 1;
				DEVELOPMENT_TEAM = M848TUBDQ7;
				GENERATE_INFOPLIST_FILE = YES;
				IPHONEOS_DEPLOYMENT_TARGET = 18.4;
				MARKETING_VERSION = 1.0;
				PRODUCT_BUNDLE_IDENTIFIER = info.vikrant.DogstagramTests;
				PRODUCT_NAME = "$(TARGET_NAME)";
				SWIFT_EMIT_LOC_STRINGS = NO;
				SWIFT_VERSION = 5.0;
				TARGETED_DEVICE_FAMILY = "1,2";
				TEST_HOST = "$(BUILT_PRODUCTS_DIR)/Dogstagram.app/$(BUNDLE_EXECUTABLE_FOLDER_PATH)/Dogstagram";
			};
			name = Debug;
		};
		C80C4DC52DD2F40800469E1A /* Release */ = {
			isa = XCBuildConfiguration;
			buildSettings = {
				BUNDLE_LOADER = "$(TEST_HOST)";
				CODE_SIGN_STYLE = Automatic;
				CURRENT_PROJECT_VERSION = 1;
				DEVELOPMENT_TEAM = M848TUBDQ7;
				GENERATE_INFOPLIST_FILE = YES;
				IPHONEOS_DEPLOYMENT_TARGET = 18.4;
				MARKETING_VERSION = 1.0;
				PRODUCT_BUNDLE_IDENTIFIER = info.vikrant.DogstagramTests;
				PRODUCT_NAME = "$(TARGET_NAME)";
				SWIFT_EMIT_LOC_STRINGS = NO;
				SWIFT_VERSION = 5.0;
				TARGETED_DEVICE_FAMILY = "1,2";
				TEST_HOST = "$(BUILT_PRODUCTS_DIR)/Dogstagram.app/$(BUNDLE_EXECUTABLE_FOLDER_PATH)/Dogstagram";
			};
			name = Release;
		};
		C80C4DC72DD2F40800469E1A /* Debug */ = {
			isa = XCBuildConfiguration;
			buildSettings = {
				CODE_SIGN_STYLE = Automatic;
				CURRENT_PROJECT_VERSION = 1;
				DEVELOPMENT_TEAM = M848TUBDQ7;
				GENERATE_INFOPLIST_FILE = YES;
				MARKETING_VERSION = 1.0;
				PRODUCT_BUNDLE_IDENTIFIER = info.vikrant.DogstagramUITests;
				PRODUCT_NAME = "$(TARGET_NAME)";
				SWIFT_EMIT_LOC_STRINGS = NO;
				SWIFT_VERSION = 5.0;
				TARGETED_DEVICE_FAMILY = "1,2";
				TEST_TARGET_NAME = Dogstagram;
			};
			name = Debug;
		};
		C80C4DC82DD2F40800469E1A /* Release */ = {
			isa = XCBuildConfiguration;
			buildSettings = {
				CODE_SIGN_STYLE = Automatic;
				CURRENT_PROJECT_VERSION = 1;
				DEVELOPMENT_TEAM = M848TUBDQ7;
				GENERATE_INFOPLIST_FILE = YES;
				MARKETING_VERSION = 1.0;
				PRODUCT_BUNDLE_IDENTIFIER = info.vikrant.DogstagramUITests;
				PRODUCT_NAME = "$(TARGET_NAME)";
				SWIFT_EMIT_LOC_STRINGS = NO;
				SWIFT_VERSION = 5.0;
				TARGETED_DEVICE_FAMILY = "1,2";
				TEST_TARGET_NAME = Dogstagram;
			};
			name = Release;
		};
/* End XCBuildConfiguration section */

/* Begin XCConfigurationList section */
		C80C4D9A2DD2F40600469E1A /* Build configuration list for PBXProject "Dogstagram" */ = {
			isa = XCConfigurationList;
			buildConfigurations = (
				C80C4DBE2DD2F40800469E1A /* Debug */,
				C80C4DBF2DD2F40800469E1A /* Release */,
			);
			defaultConfigurationIsVisible = 0;
			defaultConfigurationName = Release;
		};
		C80C4DC02DD2F40800469E1A /* Build configuration list for PBXNativeTarget "Dogstagram" */ = {
			isa = XCConfigurationList;
			buildConfigurations = (
				C80C4DC12DD2F40800469E1A /* Debug */,
				C80C4DC22DD2F40800469E1A /* Release */,
			);
			defaultConfigurationIsVisible = 0;
			defaultConfigurationName = Release;
		};
		C80C4DC32DD2F40800469E1A /* Build configuration list for PBXNativeTarget "DogstagramTests" */ = {
			isa = XCConfigurationList;
			buildConfigurations = (
				C80C4DC42DD2F40800469E1A /* Debug */,
				C80C4DC52DD2F40800469E1A /* Release */,
			);
			defaultConfigurationIsVisible = 0;
			defaultConfigurationName = Release;
		};
		C80C4DC62DD2F40800469E1A /* Build configuration list for PBXNativeTarget "DogstagramUITests" */ = {
			isa = XCConfigurationList;
			buildConfigurations = (
				C80C4DC72DD2F40800469E1A /* Debug */,
				C80C4DC82DD2F40800469E1A /* Release */,
			);
			defaultConfigurationIsVisible = 0;
			defaultConfigurationName = Release;
		};
/* End XCConfigurationList section */
	};
	rootObject = C80C4D972DD2F40600469E1A /* Project object */;
}
